
Microsoft Visual Studio Solution File, Format Version 12.00
# Visual Studio Version 16
VisualStudioVersion = 16.0.32630.194
MinimumVisualStudioVersion = 10.0.40219.1
Project("{FAE04EC0-301F-11D3-BF4B-00C04F79EFBC}") = "tictactoe_cli", "tictactoe_cli\tictactoe_cli.csproj", "{35CC6925-5A00-4F8B-9D04-B30BE4CB164E}"
EndProject
Project("{FAE04EC0-301F-11D3-BF4B-00C04F79EFBC}") = "Extensions", "Extensions\Extensions.csproj", "{E6EA9729-B574-45F2-9068-A217164CBD01}"
EndProject
Global
	GlobalSection(SolutionConfigurationPlatforms) = preSolution
		Debug|Any CPU = Debug|Any CPU
		Release|Any CPU = Release|Any CPU
	EndGlobalSection
	GlobalSection(ProjectConfigurationPlatforms) = postSolution
		{35CC6925-5A00-4F8B-9D04-B30BE4CB164E}.Debug|Any CPU.ActiveCfg = Debug|Any CPU
		{35CC6925-5A00-4F8B-9D04-B30BE4CB164E}.Debug|Any CPU.Build.0 = Debug|Any CPU
		{35CC6925-5A00-4F8B-9D04-B30BE4CB164E}.Release|Any CPU.ActiveCfg = Release|Any CPU
		{35CC6925-5A00-4F8B-9D04-B30BE4CB164E}.Release|Any CPU.Build.0 = Release|Any CPU
		{E6EA9729-B574-45F2-9068-A217164CBD01}.Debug|Any CPU.ActiveCfg = Debug|Any CPU
		{E6EA9729-B574-45F2-9068-A217164CBD01}.Debug|Any CPU.Build.0 = Debug|Any CPU
		{E6EA9729-B574-45F2-9068-A217164CBD01}.Release|Any CPU.ActiveCfg = Release|Any CPU
		{E6EA9729-B574-45F2-9068-A217164CBD01}.Release|Any CPU.Build.0 = Release|Any CPU
	EndGlobalSection
	GlobalSection(SolutionProperties) = preSolution
		HideSolutionNode = FALSE
	EndGlobalSection
	GlobalSection(ExtensibilityGlobals) = postSolution
		SolutionGuid = {CF7D18C6-B1E9-42AA-98B0-303834B72DF4}
	EndGlobalSection
EndGlobal
